// !$*UTF8*$!
{
	archiveVersion = 1;
	classes = {
	};
	objectVersion = 46;
	objects = {

/* Begin PBXBuildFile section */
		DA5B02F61562697E0068C802 /* Foundation.framework in Frameworks */ = {isa = PBXBuildFile; fileRef = DA5B02F51562697E0068C802 /* Foundation.framework */; };
		DA5B02FC1562697E0068C802 /* uSDLCcocoa.m in Sources */ = {isa = PBXBuildFile; fileRef = DA5B02FB1562697E0068C802 /* uSDLCcocoa.m */; };
		DA5B03041562697E0068C802 /* SenTestingKit.framework in Frameworks */ = {isa = PBXBuildFile; fileRef = DA5B03031562697E0068C802 /* SenTestingKit.framework */; };
		DA5B03061562697E0068C802 /* UIKit.framework in Frameworks */ = {isa = PBXBuildFile; fileRef = DA5B03051562697E0068C802 /* UIKit.framework */; };
		DA5B03071562697E0068C802 /* Foundation.framework in Frameworks */ = {isa = PBXBuildFile; fileRef = DA5B02F51562697E0068C802 /* Foundation.framework */; };
		DA5B030A1562697E0068C802 /* libuSDLCcocoa.a in Frameworks */ = {isa = PBXBuildFile; fileRef = DA5B02F21562697E0068C802 /* libuSDLCcocoa.a */; };
		DA5B03101562697E0068C802 /* InfoPlist.strings in Resources */ = {isa = PBXBuildFile; fileRef = DA5B030E1562697E0068C802 /* InfoPlist.strings */; };
		DA5B03131562697E0068C802 /* uSDLCcocoaTests.m in Sources */ = {isa = PBXBuildFile; fileRef = DA5B03121562697E0068C802 /* uSDLCcocoaTests.m */; };
/* End PBXBuildFile section */

/* Begin PBXContainerItemProxy section */
		DA5B03081562697E0068C802 /* PBXContainerItemProxy */ = {
			isa = PBXContainerItemProxy;
			containerPortal = DA5B02E91562697E0068C802 /* Project object */;
			proxyType = 1;
			remoteGlobalIDString = DA5B02F11562697E0068C802;
			remoteInfo = uSDLCcocoa;
		};
/* End PBXContainerItemProxy section */

/* Begin PBXFileReference section */
		DA5B02F21562697E0068C802 /* libuSDLCcocoa.a */ = {isa = PBXFileReference; explicitFileType = archive.ar; includeInIndex = 0; path = libuSDLCcocoa.a; sourceTree = BUILT_PRODUCTS_DIR; };
		DA5B02F51562697E0068C802 /* Foundation.framework */ = {isa = PBXFileReference; lastKnownFileType = wrapper.framework; name = Foundation.framework; path = System/Library/Frameworks/Foundation.framework; sourceTree = SDKROOT; };
		DA5B02F91562697E0068C802 /* uSDLCcocoa-Prefix.pch */ = {isa = PBXFileReference; path = "uSDLCcocoa-Prefix.pch"; sourceTree = "<group>"; };
		DA5B02FA1562697E0068C802 /* uSDLCcocoa.h */ = {isa = PBXFileReference; path = uSDLCcocoa.h; sourceTree = "<group>"; };
		DA5B02FB1562697E0068C802 /* uSDLCcocoa.m */ = {isa = PBXFileReference; lastKnownFileType = sourcecode.c.objc; path = uSDLCcocoa.m; sourceTree = "<group>"; };
		DA5B03021562697E0068C802 /* uSDLCcocoaTests.octest */ = {isa = PBXFileReference; explicitFileType = wrapper.cfbundle; includeInIndex = 0; path = uSDLCcocoaTests.octest; sourceTree = BUILT_PRODUCTS_DIR; };
		DA5B03031562697E0068C802 /* SenTestingKit.framework */ = {isa = PBXFileReference; lastKnownFileType = wrapper.framework; name = SenTestingKit.framework; path = Library/Frameworks/SenTestingKit.framework; sourceTree = DEVELOPER_DIR; };
		DA5B03051562697E0068C802 /* UIKit.framework */ = {isa = PBXFileReference; lastKnownFileType = wrapper.framework; name = UIKit.framework; path = Library/Frameworks/UIKit.framework; sourceTree = DEVELOPER_DIR; };
		DA5B030D1562697E0068C802 /* uSDLCcocoaTests-Info.plist */ = {isa = PBXFileReference; path = "uSDLCcocoaTests-Info.plist"; sourceTree = "<group>"; };
		DA5B030F1562697E0068C802 /* en */ = {isa = PBXFileReference; lastKnownFileType = text.plist.strings; name = en; path = en.lproj/InfoPlist.strings; sourceTree = "<group>"; };
		DA5B03111562697E0068C802 /* uSDLCcocoaTests.h */ = {isa = PBXFileReference; path = uSDLCcocoaTests.h; sourceTree = "<group>"; };
		DA5B03121562697E0068C802 /* uSDLCcocoaTests.m */ = {isa = PBXFileReference; lastKnownFileType = sourcecode.c.objc; path = uSDLCcocoaTests.m; sourceTree = "<group>"; };
/* End PBXFileReference section */

/* Begin PBXFrameworksBuildPhase section */
		DA5B02EF1562697E0068C802 /* Frameworks */ = {
			isa = PBXFrameworksBuildPhase;
			buildActionMask = 2147483647;
			files = (
				DA5B02F61562697E0068C802 /* Foundation.framework in Frameworks */,
			);
			runOnlyForDeploymentPostprocessing = 0;
		};
		DA5B02FE1562697E0068C802 /* Frameworks */ = {
			isa = PBXFrameworksBuildPhase;
			buildActionMask = 2147483647;
			files = (
				DA5B03041562697E0068C802 /* SenTestingKit.framework in Frameworks */,
				DA5B03061562697E0068C802 /* UIKit.framework in Frameworks */,
				DA5B03071562697E0068C802 /* Foundation.framework in Frameworks */,
				DA5B030A1562697E0068C802 /* libuSDLCcocoa.a in Frameworks */,
			);
			runOnlyForDeploymentPostprocessing = 0;
		};
/* End PBXFrameworksBuildPhase section */

/* Begin PBXGroup section */
		DA5B02E71562697E0068C802 = {
			isa = PBXGroup;
			children = (
				DA5B02F71562697E0068C802 /* uSDLCcocoa */,
				DA5B030B1562697E0068C802 /* uSDLCcocoaTests */,
				DA5B02F41562697E0068C802 /* Frameworks */,
				DA5B02F31562697E0068C802 /* Products */,
			);
			sourceTree = "<group>";
		};
		DA5B02F31562697E0068C802 /* Products */ = {
			isa = PBXGroup;
			children = (
				DA5B02F21562697E0068C802 /* libuSDLCcocoa.a */,
				DA5B03021562697E0068C802 /* uSDLCcocoaTests.octest */,
			);
			name = Products;
			sourceTree = "<group>";
		};
		DA5B02F41562697E0068C802 /* Frameworks */ = {
			isa = PBXGroup;
			children = (
				DA5B02F51562697E0068C802 /* Foundation.framework */,
				DA5B03031562697E0068C802 /* SenTestingKit.framework */,
				DA5B03051562697E0068C802 /* UIKit.framework */,
			);
			name = Frameworks;
			sourceTree = "<group>";
		};
		DA5B02F71562697E0068C802 /* uSDLCcocoa */ = {
			isa = PBXGroup;
			children = (
				DA5B02FA1562697E0068C802 /* uSDLCcocoa.h */,
				DA5B02FB1562697E0068C802 /* uSDLCcocoa.m */,
				DA5B02F81562697E0068C802 /* Supporting Files */,
			);
			path = uSDLCcocoa;
			sourceTree = "<group>";
		};
		DA5B02F81562697E0068C802 /* Supporting Files */ = {
			isa = PBXGroup;
			children = (
				DA5B02F91562697E0068C802 /* uSDLCcocoa-Prefix.pch */,
			);
			name = "Supporting Files";
			sourceTree = "<group>";
		};
		DA5B030B1562697E0068C802 /* uSDLCcocoaTests */ = {
			isa = PBXGroup;
			children = (
				DA5B03111562697E0068C802 /* uSDLCcocoaTests.h */,
				DA5B03121562697E0068C802 /* uSDLCcocoaTests.m */,
				DA5B030C1562697E0068C802 /* Supporting Files */,
			);
			path = uSDLCcocoaTests;
			sourceTree = "<group>";
		};
		DA5B030C1562697E0068C802 /* Supporting Files */ = {
			isa = PBXGroup;
			children = (
				DA5B030D1562697E0068C802 /* uSDLCcocoaTests-Info.plist */,
				DA5B030E1562697E0068C802 /* InfoPlist.strings */,
			);
			name = "Supporting Files";
			sourceTree = "<group>";
		};
/* End PBXGroup section */

/* Begin PBXHeadersBuildPhase section */
		DA5B02F01562697E0068C802 /* Headers */ = {
			isa = PBXHeadersBuildPhase;
			buildActionMask = 2147483647;
			files = (
			);
			runOnlyForDeploymentPostprocessing = 0;
		};
/* End PBXHeadersBuildPhase section */

/* Begin PBXNativeTarget section */
		DA5B02F11562697E0068C802 /* uSDLCcocoa */ = {
			isa = PBXNativeTarget;
			buildConfigurationList = DA5B03161562697E0068C802 /* Build configuration list for PBXNativeTarget "uSDLCcocoa" */;
			buildPhases = (
				DA5B02EE1562697E0068C802 /* Sources */,
				DA5B02EF1562697E0068C802 /* Frameworks */,
				DA5B02F01562697E0068C802 /* Headers */,
			);
			buildRules = (
			);
			dependencies = (
			);
			name = uSDLCcocoa;
			productName = uSDLCcocoa;
			productReference = DA5B02F21562697E0068C802 /* libuSDLCcocoa.a */;
			productType = "com.apple.product-type.library.static";
		};
		DA5B03011562697E0068C802 /* uSDLCcocoaTests */ = {
			isa = PBXNativeTarget;
			buildConfigurationList = DA5B03191562697E0068C802 /* Build configuration list for PBXNativeTarget "uSDLCcocoaTests" */;
			buildPhases = (
				DA5B02FD1562697E0068C802 /* Sources */,
				DA5B02FE1562697E0068C802 /* Frameworks */,
				DA5B02FF1562697E0068C802 /* Resources */,
				DA5B03001562697E0068C802 /* ShellScript */,
			);
			buildRules = (
			);
			dependencies = (
				DA5B03091562697E0068C802 /* PBXTargetDependency */,
			);
			name = uSDLCcocoaTests;
			productName = uSDLCcocoaTests;
			productReference = DA5B03021562697E0068C802 /* uSDLCcocoaTests.octest */;
			productType = "com.apple.product-type.bundle";
		};
/* End PBXNativeTarget section */

/* Begin PBXProject section */
		DA5B02E91562697E0068C802 /* Project object */ = {
			isa = PBXProject;
			attributes = {
				LastUpgradeCheck = 0420;
			};
			buildConfigurationList = DA5B02EC1562697E0068C802 /* Build configuration list for PBXProject "uSDLCcocoa" */;
			compatibilityVersion = "Xcode 3.2";
			developmentRegion = English;
			hasScannedForEncodings = 0;
			knownRegions = (
				en,
			);
			mainGroup = DA5B02E71562697E0068C802;
			productRefGroup = DA5B02F31562697E0068C802 /* Products */;
			projectDirPath = "";
			projectRoot = "";
			targets = (
				DA5B02F11562697E0068C802 /* uSDLCcocoa */,
				DA5B03011562697E0068C802 /* uSDLCcocoaTests */,
			);
		};
/* End PBXProject section */

/* Begin PBXResourcesBuildPhase section */
		DA5B02FF1562697E0068C802 /* Resources */ = {
			isa = PBXResourcesBuildPhase;
			buildActionMask = 2147483647;
			files = (
				DA5B03101562697E0068C802 /* InfoPlist.strings in Resources */,
			);
			runOnlyForDeploymentPostprocessing = 0;
		};
/* End PBXResourcesBuildPhase section */

/* Begin PBXShellScriptBuildPhase section */
		DA5B03001562697E0068C802 /* ShellScript */ = {
			isa = PBXShellScriptBuildPhase;
			buildActionMask = 2147483647;
			files = (
			);
			inputPaths = (
			);
			outputPaths = (
			);
			runOnlyForDeploymentPostprocessing = 0;
			shellPath = /bin/sh;
			shellScript = "# Run the unit tests in this test bundle.\n\"${SYSTEM_DEVELOPER_DIR}/Tools/RunUnitTests\"\n";
		};
/* End PBXShellScriptBuildPhase section */

/* Begin PBXSourcesBuildPhase section */
		DA5B02EE1562697E0068C802 /* Sources */ = {
			isa = PBXSourcesBuildPhase;
			buildActionMask = 2147483647;
			files = (
				DA5B02FC1562697E0068C802 /* uSDLCcocoa.m in Sources */,
			);
			runOnlyForDeploymentPostprocessing = 0;
		};
		DA5B02FD1562697E0068C802 /* Sources */ = {
			isa = PBXSourcesBuildPhase;
			buildActionMask = 2147483647;
			files = (
				DA5B03131562697E0068C802 /* uSDLCcocoaTests.m in Sources */,
			);
			runOnlyForDeploymentPostprocessing = 0;
		};
/* End PBXSourcesBuildPhase section */

/* Begin PBXTargetDependency section */
		DA5B03091562697E0068C802 /* PBXTargetDependency */ = {
			isa = PBXTargetDependency;
			target = DA5B02F11562697E0068C802 /* uSDLCcocoa */;
			targetProxy = DA5B03081562697E0068C802 /* PBXContainerItemProxy */;
		};
/* End PBXTargetDependency section */

/* Begin PBXVariantGroup section */
		DA5B030E1562697E0068C802 /* InfoPlist.strings */ = {
			isa = PBXVariantGroup;
			children = (
				DA5B030F1562697E0068C802 /* en */,
			);
			name = InfoPlist.strings;
			sourceTree = "<group>";
		};
/* End PBXVariantGroup section */

/* Begin XCBuildConfiguration section */
		DA5B03141562697E0068C802 /* Debug */ = {
			isa = XCBuildConfiguration;
			buildSettings = {
				ALWAYS_SEARCH_USER_PATHS = NO;
				ARCHS = "$(ARCHS_STANDARD_32_BIT)";
				CLANG_ENABLE_OBJC_ARC = YES;
				COPY_PHASE_STRIP = NO;
				GCC_C_LANGUAGE_STANDARD = gnu99;
				GCC_DYNAMIC_NO_PIC = NO;
				GCC_OPTIMIZATION_LEVEL = 0;
				GCC_PREPROCESSOR_DEFINITIONS = (
					"DEBUG=1",
					"$(inherited)",
				);
				GCC_SYMBOLS_PRIVATE_EXTERN = NO;
				GCC_VERSION = com.apple.compilers.llvm.clang.1_0;
				GCC_WARN_ABOUT_MISSING_PROTOTYPES = YES;
				GCC_WARN_ABOUT_RETURN_TYPE = YES;
				GCC_WARN_UNUSED_VARIABLE = YES;
				IPHONEOS_DEPLOYMENT_TARGET = 5.0;
				SDKROOT = iphoneos;
			};
			name = Debug;
		};
		DA5B03151562697E0068C802 /* Release */ = {
			isa = XCBuildConfiguration;
			buildSettings = {
				ALWAYS_SEARCH_USER_PATHS = NO;
				ARCHS = "$(ARCHS_STANDARD_32_BIT)";
				CLANG_ENABLE_OBJC_ARC = YES;
				COPY_PHASE_STRIP = YES;
				GCC_C_LANGUAGE_STANDARD = gnu99;
				GCC_VERSION = com.apple.compilers.llvm.clang.1_0;
				GCC_WARN_ABOUT_MISSING_PROTOTYPES = YES;
				GCC_WARN_ABOUT_RETURN_TYPE = YES;
				GCC_WARN_UNUSED_VARIABLE = YES;
				IPHONEOS_DEPLOYMENT_TARGET = 5.0;
				SDKROOT = iphoneos;
				VALIDATE_PRODUCT = YES;
			};
			name = Release;
		};
		DA5B03171562697E0068C802 /* Debug */ = {
			isa = XCBuildConfiguration;
			buildSettings = {
				DSTROOT = /tmp/uSDLCcocoa.dst;
				GCC_PRECOMPILE_PREFIX_HEADER = YES;
				GCC_PREFIX_HEADER = "uSDLCcocoa/uSDLCcocoa-Prefix.pch";
				OTHER_LDFLAGS = "-ObjC";
				PRODUCT_NAME = "$(TARGET_NAME)";
				SKIP_INSTALL = YES;
			};
			name = Debug;
		};
		DA5B03181562697E0068C802 /* Release */ = {
			isa = XCBuildConfiguration;
			buildSettings = {
				DSTROOT = /tmp/uSDLCcocoa.dst;
				GCC_PRECOMPILE_PREFIX_HEADER = YES;
				GCC_PREFIX_HEADER = "uSDLCcocoa/uSDLCcocoa-Prefix.pch";
				OTHER_LDFLAGS = "-ObjC";
				PRODUCT_NAME = "$(TARGET_NAME)";
				SKIP_INSTALL = YES;
			};
			name = Release;
		};
		DA5B031A1562697E0068C802 /* Debug */ = {
			isa = XCBuildConfiguration;
			buildSettings = {
				FRAMEWORK_SEARCH_PATHS = (
					"$(SDKROOT)/Developer/Library/Frameworks",
					"$(DEVELOPER_LIBRARY_DIR)/Frameworks",
				);
				GCC_PRECOMPILE_PREFIX_HEADER = YES;
				GCC_PREFIX_HEADER = "uSDLCcocoa/uSDLCcocoa-Prefix.pch";
				INFOPLIST_FILE = "uSDLCcocoaTests/uSDLCcocoaTests-Info.plist";
				PRODUCT_NAME = "$(TARGET_NAME)";
				WRAPPER_EXTENSION = octest;
			};
			name = Debug;
		};
		DA5B031B1562697E0068C802 /* Release */ = {
			isa = XCBuildConfiguration;
			buildSettings = {
				FRAMEWORK_SEARCH_PATHS = (
					"$(SDKROOT)/Developer/Library/Frameworks",
					"$(DEVELOPER_LIBRARY_DIR)/Frameworks",
				);
				GCC_PRECOMPILE_PREFIX_HEADER = YES;
				GCC_PREFIX_HEADER = "uSDLCcocoa/uSDLCcocoa-Prefix.pch";
				INFOPLIST_FILE = "uSDLCcocoaTests/uSDLCcocoaTests-Info.plist";
				PRODUCT_NAME = "$(TARGET_NAME)";
				WRAPPER_EXTENSION = octest;
			};
			name = Release;
		};
/* End XCBuildConfiguration section */

/* Begin XCConfigurationList section */
		DA5B02EC1562697E0068C802 /* Build configuration list for PBXProject "uSDLCcocoa" */ = {
			isa = XCConfigurationList;
			buildConfigurations = (
				DA5B03141562697E0068C802 /* Debug */,
				DA5B03151562697E0068C802 /* Release */,
			);
			defaultConfigurationIsVisible = 0;
			defaultConfigurationName = Release;
		};
		DA5B03161562697E0068C802 /* Build configuration list for PBXNativeTarget "uSDLCcocoa" */ = {
			isa = XCConfigurationList;
			buildConfigurations = (
				DA5B03171562697E0068C802 /* Debug */,
				DA5B03181562697E0068C802 /* Release */,
			);
			defaultConfigurationIsVisible = 0;
		};
		DA5B03191562697E0068C802 /* Build configuration list for PBXNativeTarget "uSDLCcocoaTests" */ = {
			isa = XCConfigurationList;
			buildConfigurations = (
				DA5B031A1562697E0068C802 /* Debug */,
				DA5B031B1562697E0068C802 /* Release */,
			);
			defaultConfigurationIsVisible = 0;
		};
/* End XCConfigurationList section */
	};
	rootObject = DA5B02E91562697E0068C802 /* Project object */;
}
