// !$*UTF8*$!
{
	archiveVersion = 1;
	classes = {
	};
	objectVersion = 46;
	objects = {

/* Begin PBXBuildFile section */
		DA61AF36158DE60A009987A4 /* Foundation.framework in Frameworks */ = {isa = PBXBuildFile; fileRef = DA61AF35158DE60A009987A4 /* Foundation.framework */; };
		DA61AF3C158DE60A009987A4 /* http_driver.m in Sources */ = {isa = PBXBuildFile; fileRef = DA61AF3B158DE60A009987A4 /* http_driver.m */; };
		DA61AF44158DE60A009987A4 /* SenTestingKit.framework in Frameworks */ = {isa = PBXBuildFile; fileRef = DA61AF43158DE60A009987A4 /* SenTestingKit.framework */; };
		DA61AF46158DE60A009987A4 /* UIKit.framework in Frameworks */ = {isa = PBXBuildFile; fileRef = DA61AF45158DE60A009987A4 /* UIKit.framework */; };
		DA61AF47158DE60A009987A4 /* Foundation.framework in Frameworks */ = {isa = PBXBuildFile; fileRef = DA61AF35158DE60A009987A4 /* Foundation.framework */; };
		DA61AF4A158DE60A009987A4 /* libhttp-driver.a in Frameworks */ = {isa = PBXBuildFile; fileRef = DA61AF32158DE60A009987A4 /* libhttp-driver.a */; };
		DA61AF50158DE60A009987A4 /* InfoPlist.strings in Resources */ = {isa = PBXBuildFile; fileRef = DA61AF4E158DE60A009987A4 /* InfoPlist.strings */; };
		DA61AF53158DE60A009987A4 /* http_driverTests.m in Sources */ = {isa = PBXBuildFile; fileRef = DA61AF52158DE60A009987A4 /* http_driverTests.m */; };
		DAD6B52315A3059700E54D4A /* DDData.h in Headers */ = {isa = PBXBuildFile; fileRef = DAD6B4FF15A3059700E54D4A /* DDData.h */; };
		DAD6B52415A3059700E54D4A /* DDData.m in Sources */ = {isa = PBXBuildFile; fileRef = DAD6B50015A3059700E54D4A /* DDData.m */; };
		DAD6B52515A3059700E54D4A /* DDNumber.h in Headers */ = {isa = PBXBuildFile; fileRef = DAD6B50115A3059700E54D4A /* DDNumber.h */; };
		DAD6B52615A3059700E54D4A /* DDNumber.m in Sources */ = {isa = PBXBuildFile; fileRef = DAD6B50215A3059700E54D4A /* DDNumber.m */; };
		DAD6B52715A3059700E54D4A /* DDRange.h in Headers */ = {isa = PBXBuildFile; fileRef = DAD6B50315A3059700E54D4A /* DDRange.h */; };
		DAD6B52815A3059700E54D4A /* DDRange.m in Sources */ = {isa = PBXBuildFile; fileRef = DAD6B50415A3059700E54D4A /* DDRange.m */; };
		DAD6B52915A3059700E54D4A /* HTTPAuthenticationRequest.h in Headers */ = {isa = PBXBuildFile; fileRef = DAD6B50515A3059700E54D4A /* HTTPAuthenticationRequest.h */; };
		DAD6B52A15A3059700E54D4A /* HTTPAuthenticationRequest.m in Sources */ = {isa = PBXBuildFile; fileRef = DAD6B50615A3059700E54D4A /* HTTPAuthenticationRequest.m */; };
		DAD6B52B15A3059700E54D4A /* HTTPConnection.h in Headers */ = {isa = PBXBuildFile; fileRef = DAD6B50715A3059700E54D4A /* HTTPConnection.h */; };
		DAD6B52C15A3059700E54D4A /* HTTPConnection.m in Sources */ = {isa = PBXBuildFile; fileRef = DAD6B50815A3059700E54D4A /* HTTPConnection.m */; };
		DAD6B52D15A3059700E54D4A /* HTTPLogging.h in Headers */ = {isa = PBXBuildFile; fileRef = DAD6B50915A3059700E54D4A /* HTTPLogging.h */; };
		DAD6B52E15A3059700E54D4A /* HTTPMessage.h in Headers */ = {isa = PBXBuildFile; fileRef = DAD6B50A15A3059700E54D4A /* HTTPMessage.h */; };
		DAD6B52F15A3059700E54D4A /* HTTPMessage.m in Sources */ = {isa = PBXBuildFile; fileRef = DAD6B50B15A3059700E54D4A /* HTTPMessage.m */; };
		DAD6B53015A3059700E54D4A /* HTTPResponse.h in Headers */ = {isa = PBXBuildFile; fileRef = DAD6B50C15A3059700E54D4A /* HTTPResponse.h */; };
		DAD6B53115A3059700E54D4A /* HTTPServer.h in Headers */ = {isa = PBXBuildFile; fileRef = DAD6B50D15A3059700E54D4A /* HTTPServer.h */; };
		DAD6B53215A3059700E54D4A /* HTTPServer.m in Sources */ = {isa = PBXBuildFile; fileRef = DAD6B50E15A3059700E54D4A /* HTTPServer.m */; };
		DAD6B53315A3059700E54D4A /* MultipartFormDataParser.h in Headers */ = {isa = PBXBuildFile; fileRef = DAD6B51015A3059700E54D4A /* MultipartFormDataParser.h */; };
		DAD6B53415A3059700E54D4A /* MultipartFormDataParser.m in Sources */ = {isa = PBXBuildFile; fileRef = DAD6B51115A3059700E54D4A /* MultipartFormDataParser.m */; };
		DAD6B53515A3059700E54D4A /* MultipartMessageHeader.h in Headers */ = {isa = PBXBuildFile; fileRef = DAD6B51215A3059700E54D4A /* MultipartMessageHeader.h */; };
		DAD6B53615A3059700E54D4A /* MultipartMessageHeader.m in Sources */ = {isa = PBXBuildFile; fileRef = DAD6B51315A3059700E54D4A /* MultipartMessageHeader.m */; };
		DAD6B53715A3059700E54D4A /* MultipartMessageHeaderField.h in Headers */ = {isa = PBXBuildFile; fileRef = DAD6B51415A3059700E54D4A /* MultipartMessageHeaderField.h */; };
		DAD6B53815A3059700E54D4A /* MultipartMessageHeaderField.m in Sources */ = {isa = PBXBuildFile; fileRef = DAD6B51515A3059700E54D4A /* MultipartMessageHeaderField.m */; };
		DAD6B53915A3059700E54D4A /* HTTPAsyncFileResponse.h in Headers */ = {isa = PBXBuildFile; fileRef = DAD6B51715A3059700E54D4A /* HTTPAsyncFileResponse.h */; };
		DAD6B53A15A3059700E54D4A /* HTTPAsyncFileResponse.m in Sources */ = {isa = PBXBuildFile; fileRef = DAD6B51815A3059700E54D4A /* HTTPAsyncFileResponse.m */; };
		DAD6B53B15A3059700E54D4A /* HTTPDataResponse.h in Headers */ = {isa = PBXBuildFile; fileRef = DAD6B51915A3059700E54D4A /* HTTPDataResponse.h */; };
		DAD6B53C15A3059700E54D4A /* HTTPDataResponse.m in Sources */ = {isa = PBXBuildFile; fileRef = DAD6B51A15A3059700E54D4A /* HTTPDataResponse.m */; };
		DAD6B53D15A3059700E54D4A /* HTTPDynamicFileResponse.h in Headers */ = {isa = PBXBuildFile; fileRef = DAD6B51B15A3059700E54D4A /* HTTPDynamicFileResponse.h */; };
		DAD6B53E15A3059700E54D4A /* HTTPDynamicFileResponse.m in Sources */ = {isa = PBXBuildFile; fileRef = DAD6B51C15A3059700E54D4A /* HTTPDynamicFileResponse.m */; };
		DAD6B53F15A3059700E54D4A /* HTTPFileResponse.h in Headers */ = {isa = PBXBuildFile; fileRef = DAD6B51D15A3059700E54D4A /* HTTPFileResponse.h */; };
		DAD6B54015A3059700E54D4A /* HTTPFileResponse.m in Sources */ = {isa = PBXBuildFile; fileRef = DAD6B51E15A3059700E54D4A /* HTTPFileResponse.m */; };
		DAD6B54115A3059700E54D4A /* HTTPRedirectResponse.h in Headers */ = {isa = PBXBuildFile; fileRef = DAD6B51F15A3059700E54D4A /* HTTPRedirectResponse.h */; };
		DAD6B54215A3059700E54D4A /* HTTPRedirectResponse.m in Sources */ = {isa = PBXBuildFile; fileRef = DAD6B52015A3059700E54D4A /* HTTPRedirectResponse.m */; };
		DAD6B54315A3059700E54D4A /* WebSocket.h in Headers */ = {isa = PBXBuildFile; fileRef = DAD6B52115A3059700E54D4A /* WebSocket.h */; };
		DAD6B54415A3059700E54D4A /* WebSocket.m in Sources */ = {isa = PBXBuildFile; fileRef = DAD6B52215A3059700E54D4A /* WebSocket.m */; };
		DAD6B55B15A305A900E54D4A /* GCDAsyncSocket.h in Headers */ = {isa = PBXBuildFile; fileRef = DAD6B54715A305A900E54D4A /* GCDAsyncSocket.h */; };
		DAD6B55C15A305A900E54D4A /* GCDAsyncSocket.m in Sources */ = {isa = PBXBuildFile; fileRef = DAD6B54815A305A900E54D4A /* GCDAsyncSocket.m */; };
		DAD6B55D15A305A900E54D4A /* DDAbstractDatabaseLogger.h in Headers */ = {isa = PBXBuildFile; fileRef = DAD6B54B15A305A900E54D4A /* DDAbstractDatabaseLogger.h */; };
		DAD6B55E15A305A900E54D4A /* DDAbstractDatabaseLogger.m in Sources */ = {isa = PBXBuildFile; fileRef = DAD6B54C15A305A900E54D4A /* DDAbstractDatabaseLogger.m */; };
		DAD6B55F15A305A900E54D4A /* DDASLLogger.h in Headers */ = {isa = PBXBuildFile; fileRef = DAD6B54D15A305A900E54D4A /* DDASLLogger.h */; };
		DAD6B56015A305A900E54D4A /* DDASLLogger.m in Sources */ = {isa = PBXBuildFile; fileRef = DAD6B54E15A305A900E54D4A /* DDASLLogger.m */; };
		DAD6B56115A305A900E54D4A /* DDFileLogger.h in Headers */ = {isa = PBXBuildFile; fileRef = DAD6B54F15A305A900E54D4A /* DDFileLogger.h */; };
		DAD6B56215A305A900E54D4A /* DDFileLogger.m in Sources */ = {isa = PBXBuildFile; fileRef = DAD6B55015A305A900E54D4A /* DDFileLogger.m */; };
		DAD6B56315A305A900E54D4A /* DDLog.h in Headers */ = {isa = PBXBuildFile; fileRef = DAD6B55115A305A900E54D4A /* DDLog.h */; };
		DAD6B56415A305A900E54D4A /* DDLog.m in Sources */ = {isa = PBXBuildFile; fileRef = DAD6B55215A305A900E54D4A /* DDLog.m */; };
		DAD6B56515A305A900E54D4A /* DDTTYLogger.h in Headers */ = {isa = PBXBuildFile; fileRef = DAD6B55315A305A900E54D4A /* DDTTYLogger.h */; };
		DAD6B56615A305A900E54D4A /* DDTTYLogger.m in Sources */ = {isa = PBXBuildFile; fileRef = DAD6B55415A305A900E54D4A /* DDTTYLogger.m */; };
		DAD6B56715A305A900E54D4A /* ContextFilterLogFormatter.h in Headers */ = {isa = PBXBuildFile; fileRef = DAD6B55615A305A900E54D4A /* ContextFilterLogFormatter.h */; };
		DAD6B56815A305A900E54D4A /* ContextFilterLogFormatter.m in Sources */ = {isa = PBXBuildFile; fileRef = DAD6B55715A305A900E54D4A /* ContextFilterLogFormatter.m */; };
		DAD6B56915A305A900E54D4A /* DispatchQueueLogFormatter.h in Headers */ = {isa = PBXBuildFile; fileRef = DAD6B55815A305A900E54D4A /* DispatchQueueLogFormatter.h */; };
		DAD6B56A15A305A900E54D4A /* DispatchQueueLogFormatter.m in Sources */ = {isa = PBXBuildFile; fileRef = DAD6B55915A305A900E54D4A /* DispatchQueueLogFormatter.m */; };
/* End PBXBuildFile section */

/* Begin PBXContainerItemProxy section */
		DA61AF48158DE60A009987A4 /* PBXContainerItemProxy */ = {
			isa = PBXContainerItemProxy;
			containerPortal = DA61AF29158DE60A009987A4 /* Project object */;
			proxyType = 1;
			remoteGlobalIDString = DA61AF31158DE60A009987A4;
			remoteInfo = "http-driver";
		};
/* End PBXContainerItemProxy section */

/* Begin PBXFileReference section */
		DA61AF32158DE60A009987A4 /* libhttp-driver.a */ = {isa = PBXFileReference; explicitFileType = archive.ar; includeInIndex = 0; path = "libhttp-driver.a"; sourceTree = BUILT_PRODUCTS_DIR; };
		DA61AF35158DE60A009987A4 /* Foundation.framework */ = {isa = PBXFileReference; lastKnownFileType = wrapper.framework; name = Foundation.framework; path = System/Library/Frameworks/Foundation.framework; sourceTree = SDKROOT; };
		DA61AF39158DE60A009987A4 /* http-driver-Prefix.pch */ = {isa = PBXFileReference; lastKnownFileType = sourcecode.c.h; path = "http-driver-Prefix.pch"; sourceTree = "<group>"; };
		DA61AF3A158DE60A009987A4 /* http_driver.h */ = {isa = PBXFileReference; lastKnownFileType = sourcecode.c.h; path = http_driver.h; sourceTree = "<group>"; };
		DA61AF3B158DE60A009987A4 /* http_driver.m */ = {isa = PBXFileReference; lastKnownFileType = sourcecode.c.objc; path = http_driver.m; sourceTree = "<group>"; };
		DA61AF42158DE60A009987A4 /* http-driverTests.octest */ = {isa = PBXFileReference; explicitFileType = wrapper.cfbundle; includeInIndex = 0; path = "http-driverTests.octest"; sourceTree = BUILT_PRODUCTS_DIR; };
		DA61AF43158DE60A009987A4 /* SenTestingKit.framework */ = {isa = PBXFileReference; lastKnownFileType = wrapper.framework; name = SenTestingKit.framework; path = Library/Frameworks/SenTestingKit.framework; sourceTree = DEVELOPER_DIR; };
		DA61AF45158DE60A009987A4 /* UIKit.framework */ = {isa = PBXFileReference; lastKnownFileType = wrapper.framework; name = UIKit.framework; path = Library/Frameworks/UIKit.framework; sourceTree = DEVELOPER_DIR; };
		DA61AF4D158DE60A009987A4 /* http-driverTests-Info.plist */ = {isa = PBXFileReference; lastKnownFileType = text.plist.xml; path = "http-driverTests-Info.plist"; sourceTree = "<group>"; };
		DA61AF4F158DE60A009987A4 /* en */ = {isa = PBXFileReference; lastKnownFileType = text.plist.strings; name = en; path = en.lproj/InfoPlist.strings; sourceTree = "<group>"; };
		DA61AF51158DE60A009987A4 /* http_driverTests.h */ = {isa = PBXFileReference; lastKnownFileType = sourcecode.c.h; path = http_driverTests.h; sourceTree = "<group>"; };
		DA61AF52158DE60A009987A4 /* http_driverTests.m */ = {isa = PBXFileReference; lastKnownFileType = sourcecode.c.objc; path = http_driverTests.m; sourceTree = "<group>"; };
		DAD6B4FF15A3059700E54D4A /* DDData.h */ = {isa = PBXFileReference; fileEncoding = 4; lastKnownFileType = sourcecode.c.h; path = DDData.h; sourceTree = "<group>"; };
		DAD6B50015A3059700E54D4A /* DDData.m */ = {isa = PBXFileReference; fileEncoding = 4; lastKnownFileType = sourcecode.c.objc; path = DDData.m; sourceTree = "<group>"; };
		DAD6B50115A3059700E54D4A /* DDNumber.h */ = {isa = PBXFileReference; fileEncoding = 4; lastKnownFileType = sourcecode.c.h; path = DDNumber.h; sourceTree = "<group>"; };
		DAD6B50215A3059700E54D4A /* DDNumber.m */ = {isa = PBXFileReference; fileEncoding = 4; lastKnownFileType = sourcecode.c.objc; path = DDNumber.m; sourceTree = "<group>"; };
		DAD6B50315A3059700E54D4A /* DDRange.h */ = {isa = PBXFileReference; fileEncoding = 4; lastKnownFileType = sourcecode.c.h; path = DDRange.h; sourceTree = "<group>"; };
		DAD6B50415A3059700E54D4A /* DDRange.m */ = {isa = PBXFileReference; fileEncoding = 4; lastKnownFileType = sourcecode.c.objc; path = DDRange.m; sourceTree = "<group>"; };
		DAD6B50515A3059700E54D4A /* HTTPAuthenticationRequest.h */ = {isa = PBXFileReference; fileEncoding = 4; lastKnownFileType = sourcecode.c.h; path = HTTPAuthenticationRequest.h; sourceTree = "<group>"; };
		DAD6B50615A3059700E54D4A /* HTTPAuthenticationRequest.m */ = {isa = PBXFileReference; fileEncoding = 4; lastKnownFileType = sourcecode.c.objc; path = HTTPAuthenticationRequest.m; sourceTree = "<group>"; };
		DAD6B50715A3059700E54D4A /* HTTPConnection.h */ = {isa = PBXFileReference; fileEncoding = 4; lastKnownFileType = sourcecode.c.h; path = HTTPConnection.h; sourceTree = "<group>"; };
		DAD6B50815A3059700E54D4A /* HTTPConnection.m */ = {isa = PBXFileReference; fileEncoding = 4; lastKnownFileType = sourcecode.c.objc; path = HTTPConnection.m; sourceTree = "<group>"; };
		DAD6B50915A3059700E54D4A /* HTTPLogging.h */ = {isa = PBXFileReference; fileEncoding = 4; lastKnownFileType = sourcecode.c.h; path = HTTPLogging.h; sourceTree = "<group>"; };
		DAD6B50A15A3059700E54D4A /* HTTPMessage.h */ = {isa = PBXFileReference; fileEncoding = 4; lastKnownFileType = sourcecode.c.h; path = HTTPMessage.h; sourceTree = "<group>"; };
		DAD6B50B15A3059700E54D4A /* HTTPMessage.m */ = {isa = PBXFileReference; fileEncoding = 4; lastKnownFileType = sourcecode.c.objc; path = HTTPMessage.m; sourceTree = "<group>"; };
		DAD6B50C15A3059700E54D4A /* HTTPResponse.h */ = {isa = PBXFileReference; fileEncoding = 4; lastKnownFileType = sourcecode.c.h; path = HTTPResponse.h; sourceTree = "<group>"; };
		DAD6B50D15A3059700E54D4A /* HTTPServer.h */ = {isa = PBXFileReference; fileEncoding = 4; lastKnownFileType = sourcecode.c.h; path = HTTPServer.h; sourceTree = "<group>"; };
		DAD6B50E15A3059700E54D4A /* HTTPServer.m */ = {isa = PBXFileReference; fileEncoding = 4; lastKnownFileType = sourcecode.c.objc; path = HTTPServer.m; sourceTree = "<group>"; };
		DAD6B51015A3059700E54D4A /* MultipartFormDataParser.h */ = {isa = PBXFileReference; fileEncoding = 4; lastKnownFileType = sourcecode.c.h; path = MultipartFormDataParser.h; sourceTree = "<group>"; };
		DAD6B51115A3059700E54D4A /* MultipartFormDataParser.m */ = {isa = PBXFileReference; fileEncoding = 4; lastKnownFileType = sourcecode.c.objc; path = MultipartFormDataParser.m; sourceTree = "<group>"; };
		DAD6B51215A3059700E54D4A /* MultipartMessageHeader.h */ = {isa = PBXFileReference; fileEncoding = 4; lastKnownFileType = sourcecode.c.h; path = MultipartMessageHeader.h; sourceTree = "<group>"; };
		DAD6B51315A3059700E54D4A /* MultipartMessageHeader.m */ = {isa = PBXFileReference; fileEncoding = 4; lastKnownFileType = sourcecode.c.objc; path = MultipartMessageHeader.m; sourceTree = "<group>"; };
		DAD6B51415A3059700E54D4A /* MultipartMessageHeaderField.h */ = {isa = PBXFileReference; fileEncoding = 4; lastKnownFileType = sourcecode.c.h; path = MultipartMessageHeaderField.h; sourceTree = "<group>"; };
		DAD6B51515A3059700E54D4A /* MultipartMessageHeaderField.m */ = {isa = PBXFileReference; fileEncoding = 4; lastKnownFileType = sourcecode.c.objc; path = MultipartMessageHeaderField.m; sourceTree = "<group>"; };
		DAD6B51715A3059700E54D4A /* HTTPAsyncFileResponse.h */ = {isa = PBXFileReference; fileEncoding = 4; lastKnownFileType = sourcecode.c.h; path = HTTPAsyncFileResponse.h; sourceTree = "<group>"; };
		DAD6B51815A3059700E54D4A /* HTTPAsyncFileResponse.m */ = {isa = PBXFileReference; fileEncoding = 4; lastKnownFileType = sourcecode.c.objc; path = HTTPAsyncFileResponse.m; sourceTree = "<group>"; };
		DAD6B51915A3059700E54D4A /* HTTPDataResponse.h */ = {isa = PBXFileReference; fileEncoding = 4; lastKnownFileType = sourcecode.c.h; path = HTTPDataResponse.h; sourceTree = "<group>"; };
		DAD6B51A15A3059700E54D4A /* HTTPDataResponse.m */ = {isa = PBXFileReference; fileEncoding = 4; lastKnownFileType = sourcecode.c.objc; path = HTTPDataResponse.m; sourceTree = "<group>"; };
		DAD6B51B15A3059700E54D4A /* HTTPDynamicFileResponse.h */ = {isa = PBXFileReference; fileEncoding = 4; lastKnownFileType = sourcecode.c.h; path = HTTPDynamicFileResponse.h; sourceTree = "<group>"; };
		DAD6B51C15A3059700E54D4A /* HTTPDynamicFileResponse.m */ = {isa = PBXFileReference; fileEncoding = 4; lastKnownFileType = sourcecode.c.objc; path = HTTPDynamicFileResponse.m; sourceTree = "<group>"; };
		DAD6B51D15A3059700E54D4A /* HTTPFileResponse.h */ = {isa = PBXFileReference; fileEncoding = 4; lastKnownFileType = sourcecode.c.h; path = HTTPFileResponse.h; sourceTree = "<group>"; };
		DAD6B51E15A3059700E54D4A /* HTTPFileResponse.m */ = {isa = PBXFileReference; fileEncoding = 4; lastKnownFileType = sourcecode.c.objc; path = HTTPFileResponse.m; sourceTree = "<group>"; };
		DAD6B51F15A3059700E54D4A /* HTTPRedirectResponse.h */ = {isa = PBXFileReference; fileEncoding = 4; lastKnownFileType = sourcecode.c.h; path = HTTPRedirectResponse.h; sourceTree = "<group>"; };
		DAD6B52015A3059700E54D4A /* HTTPRedirectResponse.m */ = {isa = PBXFileReference; fileEncoding = 4; lastKnownFileType = sourcecode.c.objc; path = HTTPRedirectResponse.m; sourceTree = "<group>"; };
		DAD6B52115A3059700E54D4A /* WebSocket.h */ = {isa = PBXFileReference; fileEncoding = 4; lastKnownFileType = sourcecode.c.h; path = WebSocket.h; sourceTree = "<group>"; };
		DAD6B52215A3059700E54D4A /* WebSocket.m */ = {isa = PBXFileReference; fileEncoding = 4; lastKnownFileType = sourcecode.c.objc; path = WebSocket.m; sourceTree = "<group>"; };
		DAD6B54615A305A900E54D4A /* About.txt */ = {isa = PBXFileReference; fileEncoding = 4; lastKnownFileType = text; path = About.txt; sourceTree = "<group>"; };
		DAD6B54715A305A900E54D4A /* GCDAsyncSocket.h */ = {isa = PBXFileReference; fileEncoding = 4; lastKnownFileType = sourcecode.c.h; path = GCDAsyncSocket.h; sourceTree = "<group>"; };
		DAD6B54815A305A900E54D4A /* GCDAsyncSocket.m */ = {isa = PBXFileReference; fileEncoding = 4; lastKnownFileType = sourcecode.c.objc; path = GCDAsyncSocket.m; sourceTree = "<group>"; };
		DAD6B54A15A305A900E54D4A /* About.txt */ = {isa = PBXFileReference; fileEncoding = 4; lastKnownFileType = text; path = About.txt; sourceTree = "<group>"; };
		DAD6B54B15A305A900E54D4A /* DDAbstractDatabaseLogger.h */ = {isa = PBXFileReference; fileEncoding = 4; lastKnownFileType = sourcecode.c.h; path = DDAbstractDatabaseLogger.h; sourceTree = "<group>"; };
		DAD6B54C15A305A900E54D4A /* DDAbstractDatabaseLogger.m */ = {isa = PBXFileReference; fileEncoding = 4; lastKnownFileType = sourcecode.c.objc; path = DDAbstractDatabaseLogger.m; sourceTree = "<group>"; };
		DAD6B54D15A305A900E54D4A /* DDASLLogger.h */ = {isa = PBXFileReference; fileEncoding = 4; lastKnownFileType = sourcecode.c.h; path = DDASLLogger.h; sourceTree = "<group>"; };
		DAD6B54E15A305A900E54D4A /* DDASLLogger.m */ = {isa = PBXFileReference; fileEncoding = 4; lastKnownFileType = sourcecode.c.objc; path = DDASLLogger.m; sourceTree = "<group>"; };
		DAD6B54F15A305A900E54D4A /* DDFileLogger.h */ = {isa = PBXFileReference; fileEncoding = 4; lastKnownFileType = sourcecode.c.h; path = DDFileLogger.h; sourceTree = "<group>"; };
		DAD6B55015A305A900E54D4A /* DDFileLogger.m */ = {isa = PBXFileReference; fileEncoding = 4; lastKnownFileType = sourcecode.c.objc; path = DDFileLogger.m; sourceTree = "<group>"; };
		DAD6B55115A305A900E54D4A /* DDLog.h */ = {isa = PBXFileReference; fileEncoding = 4; lastKnownFileType = sourcecode.c.h; path = DDLog.h; sourceTree = "<group>"; };
		DAD6B55215A305A900E54D4A /* DDLog.m */ = {isa = PBXFileReference; fileEncoding = 4; lastKnownFileType = sourcecode.c.objc; path = DDLog.m; sourceTree = "<group>"; };
		DAD6B55315A305A900E54D4A /* DDTTYLogger.h */ = {isa = PBXFileReference; fileEncoding = 4; lastKnownFileType = sourcecode.c.h; path = DDTTYLogger.h; sourceTree = "<group>"; };
		DAD6B55415A305A900E54D4A /* DDTTYLogger.m */ = {isa = PBXFileReference; fileEncoding = 4; lastKnownFileType = sourcecode.c.objc; path = DDTTYLogger.m; sourceTree = "<group>"; };
		DAD6B55615A305A900E54D4A /* ContextFilterLogFormatter.h */ = {isa = PBXFileReference; fileEncoding = 4; lastKnownFileType = sourcecode.c.h; path = ContextFilterLogFormatter.h; sourceTree = "<group>"; };
		DAD6B55715A305A900E54D4A /* ContextFilterLogFormatter.m */ = {isa = PBXFileReference; fileEncoding = 4; lastKnownFileType = sourcecode.c.objc; path = ContextFilterLogFormatter.m; sourceTree = "<group>"; };
		DAD6B55815A305A900E54D4A /* DispatchQueueLogFormatter.h */ = {isa = PBXFileReference; fileEncoding = 4; lastKnownFileType = sourcecode.c.h; path = DispatchQueueLogFormatter.h; sourceTree = "<group>"; };
		DAD6B55915A305A900E54D4A /* DispatchQueueLogFormatter.m */ = {isa = PBXFileReference; fileEncoding = 4; lastKnownFileType = sourcecode.c.objc; path = DispatchQueueLogFormatter.m; sourceTree = "<group>"; };
		DAD6B55A15A305A900E54D4A /* README.txt */ = {isa = PBXFileReference; fileEncoding = 4; lastKnownFileType = text; path = README.txt; sourceTree = "<group>"; };
/* End PBXFileReference section */

/* Begin PBXFrameworksBuildPhase section */
		DA61AF2F158DE60A009987A4 /* Frameworks */ = {
			isa = PBXFrameworksBuildPhase;
			buildActionMask = 2147483647;
			files = (
				DA61AF36158DE60A009987A4 /* Foundation.framework in Frameworks */,
			);
			runOnlyForDeploymentPostprocessing = 0;
		};
		DA61AF3E158DE60A009987A4 /* Frameworks */ = {
			isa = PBXFrameworksBuildPhase;
			buildActionMask = 2147483647;
			files = (
				DA61AF44158DE60A009987A4 /* SenTestingKit.framework in Frameworks */,
				DA61AF46158DE60A009987A4 /* UIKit.framework in Frameworks */,
				DA61AF47158DE60A009987A4 /* Foundation.framework in Frameworks */,
				DA61AF4A158DE60A009987A4 /* libhttp-driver.a in Frameworks */,
			);
			runOnlyForDeploymentPostprocessing = 0;
		};
/* End PBXFrameworksBuildPhase section */

/* Begin PBXGroup section */
		DA61AF27158DE60A009987A4 = {
			isa = PBXGroup;
			children = (
				DAD6B54515A305A900E54D4A /* CocoaAsyncSocket */,
				DAD6B54915A305A900E54D4A /* CocoaLumberjack */,
				DAD6B4FD15A3059700E54D4A /* Core */,
				DA61AF37158DE60A009987A4 /* http-driver */,
				DA61AF4B158DE60A009987A4 /* http-driverTests */,
				DA61AF34158DE60A009987A4 /* Frameworks */,
				DA61AF33158DE60A009987A4 /* Products */,
			);
			sourceTree = "<group>";
		};
		DA61AF33158DE60A009987A4 /* Products */ = {
			isa = PBXGroup;
			children = (
				DA61AF32158DE60A009987A4 /* libhttp-driver.a */,
				DA61AF42158DE60A009987A4 /* http-driverTests.octest */,
			);
			name = Products;
			sourceTree = "<group>";
		};
		DA61AF34158DE60A009987A4 /* Frameworks */ = {
			isa = PBXGroup;
			children = (
				DA61AF35158DE60A009987A4 /* Foundation.framework */,
				DA61AF43158DE60A009987A4 /* SenTestingKit.framework */,
				DA61AF45158DE60A009987A4 /* UIKit.framework */,
			);
			name = Frameworks;
			sourceTree = "<group>";
		};
		DA61AF37158DE60A009987A4 /* http-driver */ = {
			isa = PBXGroup;
			children = (
				DA61AF3A158DE60A009987A4 /* http_driver.h */,
				DA61AF3B158DE60A009987A4 /* http_driver.m */,
				DA61AF38158DE60A009987A4 /* Supporting Files */,
			);
			path = "http-driver";
			sourceTree = "<group>";
		};
		DA61AF38158DE60A009987A4 /* Supporting Files */ = {
			isa = PBXGroup;
			children = (
				DA61AF39158DE60A009987A4 /* http-driver-Prefix.pch */,
			);
			name = "Supporting Files";
			sourceTree = "<group>";
		};
		DA61AF4B158DE60A009987A4 /* http-driverTests */ = {
			isa = PBXGroup;
			children = (
				DA61AF51158DE60A009987A4 /* http_driverTests.h */,
				DA61AF52158DE60A009987A4 /* http_driverTests.m */,
				DA61AF4C158DE60A009987A4 /* Supporting Files */,
			);
			path = "http-driverTests";
			sourceTree = "<group>";
		};
		DA61AF4C158DE60A009987A4 /* Supporting Files */ = {
			isa = PBXGroup;
			children = (
				DA61AF4D158DE60A009987A4 /* http-driverTests-Info.plist */,
				DA61AF4E158DE60A009987A4 /* InfoPlist.strings */,
			);
			name = "Supporting Files";
			sourceTree = "<group>";
		};
		DAD6B4FD15A3059700E54D4A /* Core */ = {
			isa = PBXGroup;
			children = (
				DAD6B4FE15A3059700E54D4A /* Categories */,
				DAD6B50515A3059700E54D4A /* HTTPAuthenticationRequest.h */,
				DAD6B50615A3059700E54D4A /* HTTPAuthenticationRequest.m */,
				DAD6B50715A3059700E54D4A /* HTTPConnection.h */,
				DAD6B50815A3059700E54D4A /* HTTPConnection.m */,
				DAD6B50915A3059700E54D4A /* HTTPLogging.h */,
				DAD6B50A15A3059700E54D4A /* HTTPMessage.h */,
				DAD6B50B15A3059700E54D4A /* HTTPMessage.m */,
				DAD6B50C15A3059700E54D4A /* HTTPResponse.h */,
				DAD6B50D15A3059700E54D4A /* HTTPServer.h */,
				DAD6B50E15A3059700E54D4A /* HTTPServer.m */,
				DAD6B50F15A3059700E54D4A /* Mime */,
				DAD6B51615A3059700E54D4A /* Responses */,
				DAD6B52115A3059700E54D4A /* WebSocket.h */,
				DAD6B52215A3059700E54D4A /* WebSocket.m */,
			);
			name = Core;
			path = ../../../../CocoaHTTPServer/Core;
			sourceTree = "<group>";
		};
		DAD6B4FE15A3059700E54D4A /* Categories */ = {
			isa = PBXGroup;
			children = (
				DAD6B4FF15A3059700E54D4A /* DDData.h */,
				DAD6B50015A3059700E54D4A /* DDData.m */,
				DAD6B50115A3059700E54D4A /* DDNumber.h */,
				DAD6B50215A3059700E54D4A /* DDNumber.m */,
				DAD6B50315A3059700E54D4A /* DDRange.h */,
				DAD6B50415A3059700E54D4A /* DDRange.m */,
			);
			path = Categories;
			sourceTree = "<group>";
		};
		DAD6B50F15A3059700E54D4A /* Mime */ = {
			isa = PBXGroup;
			children = (
				DAD6B51015A3059700E54D4A /* MultipartFormDataParser.h */,
				DAD6B51115A3059700E54D4A /* MultipartFormDataParser.m */,
				DAD6B51215A3059700E54D4A /* MultipartMessageHeader.h */,
				DAD6B51315A3059700E54D4A /* MultipartMessageHeader.m */,
				DAD6B51415A3059700E54D4A /* MultipartMessageHeaderField.h */,
				DAD6B51515A3059700E54D4A /* MultipartMessageHeaderField.m */,
			);
			path = Mime;
			sourceTree = "<group>";
		};
		DAD6B51615A3059700E54D4A /* Responses */ = {
			isa = PBXGroup;
			children = (
				DAD6B51715A3059700E54D4A /* HTTPAsyncFileResponse.h */,
				DAD6B51815A3059700E54D4A /* HTTPAsyncFileResponse.m */,
				DAD6B51915A3059700E54D4A /* HTTPDataResponse.h */,
				DAD6B51A15A3059700E54D4A /* HTTPDataResponse.m */,
				DAD6B51B15A3059700E54D4A /* HTTPDynamicFileResponse.h */,
				DAD6B51C15A3059700E54D4A /* HTTPDynamicFileResponse.m */,
				DAD6B51D15A3059700E54D4A /* HTTPFileResponse.h */,
				DAD6B51E15A3059700E54D4A /* HTTPFileResponse.m */,
				DAD6B51F15A3059700E54D4A /* HTTPRedirectResponse.h */,
				DAD6B52015A3059700E54D4A /* HTTPRedirectResponse.m */,
			);
			path = Responses;
			sourceTree = "<group>";
		};
		DAD6B54515A305A900E54D4A /* CocoaAsyncSocket */ = {
			isa = PBXGroup;
			children = (
				DAD6B54615A305A900E54D4A /* About.txt */,
				DAD6B54715A305A900E54D4A /* GCDAsyncSocket.h */,
				DAD6B54815A305A900E54D4A /* GCDAsyncSocket.m */,
			);
			name = CocoaAsyncSocket;
			path = ../../../../CocoaHTTPServer/Vendor/CocoaAsyncSocket;
			sourceTree = "<group>";
		};
		DAD6B54915A305A900E54D4A /* CocoaLumberjack */ = {
			isa = PBXGroup;
			children = (
				DAD6B54A15A305A900E54D4A /* About.txt */,
				DAD6B54B15A305A900E54D4A /* DDAbstractDatabaseLogger.h */,
				DAD6B54C15A305A900E54D4A /* DDAbstractDatabaseLogger.m */,
				DAD6B54D15A305A900E54D4A /* DDASLLogger.h */,
				DAD6B54E15A305A900E54D4A /* DDASLLogger.m */,
				DAD6B54F15A305A900E54D4A /* DDFileLogger.h */,
				DAD6B55015A305A900E54D4A /* DDFileLogger.m */,
				DAD6B55115A305A900E54D4A /* DDLog.h */,
				DAD6B55215A305A900E54D4A /* DDLog.m */,
				DAD6B55315A305A900E54D4A /* DDTTYLogger.h */,
				DAD6B55415A305A900E54D4A /* DDTTYLogger.m */,
				DAD6B55515A305A900E54D4A /* Extensions */,
			);
			name = CocoaLumberjack;
			path = ../../../../CocoaHTTPServer/Vendor/CocoaLumberjack;
			sourceTree = "<group>";
		};
		DAD6B55515A305A900E54D4A /* Extensions */ = {
			isa = PBXGroup;
			children = (
				DAD6B55615A305A900E54D4A /* ContextFilterLogFormatter.h */,
				DAD6B55715A305A900E54D4A /* ContextFilterLogFormatter.m */,
				DAD6B55815A305A900E54D4A /* DispatchQueueLogFormatter.h */,
				DAD6B55915A305A900E54D4A /* DispatchQueueLogFormatter.m */,
				DAD6B55A15A305A900E54D4A /* README.txt */,
			);
			path = Extensions;
			sourceTree = "<group>";
		};
/* End PBXGroup section */

/* Begin PBXHeadersBuildPhase section */
		DA61AF30158DE60A009987A4 /* Headers */ = {
			isa = PBXHeadersBuildPhase;
			buildActionMask = 2147483647;
			files = (
				DAD6B52315A3059700E54D4A /* DDData.h in Headers */,
				DAD6B52515A3059700E54D4A /* DDNumber.h in Headers */,
				DAD6B52715A3059700E54D4A /* DDRange.h in Headers */,
				DAD6B52915A3059700E54D4A /* HTTPAuthenticationRequest.h in Headers */,
				DAD6B52B15A3059700E54D4A /* HTTPConnection.h in Headers */,
				DAD6B52D15A3059700E54D4A /* HTTPLogging.h in Headers */,
				DAD6B52E15A3059700E54D4A /* HTTPMessage.h in Headers */,
				DAD6B53015A3059700E54D4A /* HTTPResponse.h in Headers */,
				DAD6B53115A3059700E54D4A /* HTTPServer.h in Headers */,
				DAD6B53315A3059700E54D4A /* MultipartFormDataParser.h in Headers */,
				DAD6B53515A3059700E54D4A /* MultipartMessageHeader.h in Headers */,
				DAD6B53715A3059700E54D4A /* MultipartMessageHeaderField.h in Headers */,
				DAD6B53915A3059700E54D4A /* HTTPAsyncFileResponse.h in Headers */,
				DAD6B53B15A3059700E54D4A /* HTTPDataResponse.h in Headers */,
				DAD6B53D15A3059700E54D4A /* HTTPDynamicFileResponse.h in Headers */,
				DAD6B53F15A3059700E54D4A /* HTTPFileResponse.h in Headers */,
				DAD6B54115A3059700E54D4A /* HTTPRedirectResponse.h in Headers */,
				DAD6B54315A3059700E54D4A /* WebSocket.h in Headers */,
				DAD6B55B15A305A900E54D4A /* GCDAsyncSocket.h in Headers */,
				DAD6B55D15A305A900E54D4A /* DDAbstractDatabaseLogger.h in Headers */,
				DAD6B55F15A305A900E54D4A /* DDASLLogger.h in Headers */,
				DAD6B56115A305A900E54D4A /* DDFileLogger.h in Headers */,
				DAD6B56315A305A900E54D4A /* DDLog.h in Headers */,
				DAD6B56515A305A900E54D4A /* DDTTYLogger.h in Headers */,
				DAD6B56715A305A900E54D4A /* ContextFilterLogFormatter.h in Headers */,
				DAD6B56915A305A900E54D4A /* DispatchQueueLogFormatter.h in Headers */,
			);
			runOnlyForDeploymentPostprocessing = 0;
		};
/* End PBXHeadersBuildPhase section */

/* Begin PBXNativeTarget section */
		DA61AF31158DE60A009987A4 /* http-driver */ = {
			isa = PBXNativeTarget;
			buildConfigurationList = DA61AF56158DE60A009987A4 /* Build configuration list for PBXNativeTarget "http-driver" */;
			buildPhases = (
				DA61AF2E158DE60A009987A4 /* Sources */,
				DA61AF2F158DE60A009987A4 /* Frameworks */,
				DA61AF30158DE60A009987A4 /* Headers */,
			);
			buildRules = (
			);
			dependencies = (
			);
			name = "http-driver";
			productName = "http-driver";
			productReference = DA61AF32158DE60A009987A4 /* libhttp-driver.a */;
			productType = "com.apple.product-type.library.static";
		};
		DA61AF41158DE60A009987A4 /* http-driverTests */ = {
			isa = PBXNativeTarget;
			buildConfigurationList = DA61AF59158DE60A009987A4 /* Build configuration list for PBXNativeTarget "http-driverTests" */;
			buildPhases = (
				DA61AF3D158DE60A009987A4 /* Sources */,
				DA61AF3E158DE60A009987A4 /* Frameworks */,
				DA61AF3F158DE60A009987A4 /* Resources */,
				DA61AF40158DE60A009987A4 /* ShellScript */,
			);
			buildRules = (
			);
			dependencies = (
				DA61AF49158DE60A009987A4 /* PBXTargetDependency */,
			);
			name = "http-driverTests";
			productName = "http-driverTests";
			productReference = DA61AF42158DE60A009987A4 /* http-driverTests.octest */;
			productType = "com.apple.product-type.bundle";
		};
/* End PBXNativeTarget section */

/* Begin PBXProject section */
		DA61AF29158DE60A009987A4 /* Project object */ = {
			isa = PBXProject;
			attributes = {
				LastUpgradeCheck = 0430;
			};
			buildConfigurationList = DA61AF2C158DE60A009987A4 /* Build configuration list for PBXProject "http-driver" */;
			compatibilityVersion = "Xcode 3.2";
			developmentRegion = English;
			hasScannedForEncodings = 0;
			knownRegions = (
				en,
			);
			mainGroup = DA61AF27158DE60A009987A4;
			productRefGroup = DA61AF33158DE60A009987A4 /* Products */;
			projectDirPath = "";
			projectRoot = "";
			targets = (
				DA61AF31158DE60A009987A4 /* http-driver */,
				DA61AF41158DE60A009987A4 /* http-driverTests */,
			);
		};
/* End PBXProject section */

/* Begin PBXResourcesBuildPhase section */
		DA61AF3F158DE60A009987A4 /* Resources */ = {
			isa = PBXResourcesBuildPhase;
			buildActionMask = 2147483647;
			files = (
				DA61AF50158DE60A009987A4 /* InfoPlist.strings in Resources */,
			);
			runOnlyForDeploymentPostprocessing = 0;
		};
/* End PBXResourcesBuildPhase section */

/* Begin PBXShellScriptBuildPhase section */
		DA61AF40158DE60A009987A4 /* ShellScript */ = {
			isa = PBXShellScriptBuildPhase;
			buildActionMask = 2147483647;
			files = (
			);
			inputPaths = (
			);
			outputPaths = (
			);
			runOnlyForDeploymentPostprocessing = 0;
			shellPath = /bin/sh;
			shellScript = "# Run the unit tests in this test bundle.\n\"${SYSTEM_DEVELOPER_DIR}/Tools/RunUnitTests\"\n";
		};
/* End PBXShellScriptBuildPhase section */

/* Begin PBXSourcesBuildPhase section */
		DA61AF2E158DE60A009987A4 /* Sources */ = {
			isa = PBXSourcesBuildPhase;
			buildActionMask = 2147483647;
			files = (
				DA61AF3C158DE60A009987A4 /* http_driver.m in Sources */,
				DAD6B52415A3059700E54D4A /* DDData.m in Sources */,
				DAD6B52615A3059700E54D4A /* DDNumber.m in Sources */,
				DAD6B52815A3059700E54D4A /* DDRange.m in Sources */,
				DAD6B52A15A3059700E54D4A /* HTTPAuthenticationRequest.m in Sources */,
				DAD6B52C15A3059700E54D4A /* HTTPConnection.m in Sources */,
				DAD6B52F15A3059700E54D4A /* HTTPMessage.m in Sources */,
				DAD6B53215A3059700E54D4A /* HTTPServer.m in Sources */,
				DAD6B53415A3059700E54D4A /* MultipartFormDataParser.m in Sources */,
				DAD6B53615A3059700E54D4A /* MultipartMessageHeader.m in Sources */,
				DAD6B53815A3059700E54D4A /* MultipartMessageHeaderField.m in Sources */,
				DAD6B53A15A3059700E54D4A /* HTTPAsyncFileResponse.m in Sources */,
				DAD6B53C15A3059700E54D4A /* HTTPDataResponse.m in Sources */,
				DAD6B53E15A3059700E54D4A /* HTTPDynamicFileResponse.m in Sources */,
				DAD6B54015A3059700E54D4A /* HTTPFileResponse.m in Sources */,
				DAD6B54215A3059700E54D4A /* HTTPRedirectResponse.m in Sources */,
				DAD6B54415A3059700E54D4A /* WebSocket.m in Sources */,
				DAD6B55C15A305A900E54D4A /* GCDAsyncSocket.m in Sources */,
				DAD6B55E15A305A900E54D4A /* DDAbstractDatabaseLogger.m in Sources */,
				DAD6B56015A305A900E54D4A /* DDASLLogger.m in Sources */,
				DAD6B56215A305A900E54D4A /* DDFileLogger.m in Sources */,
				DAD6B56415A305A900E54D4A /* DDLog.m in Sources */,
				DAD6B56615A305A900E54D4A /* DDTTYLogger.m in Sources */,
				DAD6B56815A305A900E54D4A /* ContextFilterLogFormatter.m in Sources */,
				DAD6B56A15A305A900E54D4A /* DispatchQueueLogFormatter.m in Sources */,
			);
			runOnlyForDeploymentPostprocessing = 0;
		};
		DA61AF3D158DE60A009987A4 /* Sources */ = {
			isa = PBXSourcesBuildPhase;
			buildActionMask = 2147483647;
			files = (
				DA61AF53158DE60A009987A4 /* http_driverTests.m in Sources */,
			);
			runOnlyForDeploymentPostprocessing = 0;
		};
/* End PBXSourcesBuildPhase section */

/* Begin PBXTargetDependency section */
		DA61AF49158DE60A009987A4 /* PBXTargetDependency */ = {
			isa = PBXTargetDependency;
			target = DA61AF31158DE60A009987A4 /* http-driver */;
			targetProxy = DA61AF48158DE60A009987A4 /* PBXContainerItemProxy */;
		};
/* End PBXTargetDependency section */

/* Begin PBXVariantGroup section */
		DA61AF4E158DE60A009987A4 /* InfoPlist.strings */ = {
			isa = PBXVariantGroup;
			children = (
				DA61AF4F158DE60A009987A4 /* en */,
			);
			name = InfoPlist.strings;
			sourceTree = "<group>";
		};
/* End PBXVariantGroup section */

/* Begin XCBuildConfiguration section */
		DA61AF54158DE60A009987A4 /* Debug */ = {
			isa = XCBuildConfiguration;
			buildSettings = {
				ALWAYS_SEARCH_USER_PATHS = NO;
				ARCHS = "$(ARCHS_STANDARD_32_BIT)";
				CLANG_ENABLE_OBJC_ARC = YES;
				COPY_PHASE_STRIP = NO;
				GCC_C_LANGUAGE_STANDARD = gnu99;
				GCC_DYNAMIC_NO_PIC = NO;
				GCC_OPTIMIZATION_LEVEL = 0;
				GCC_PREPROCESSOR_DEFINITIONS = (
					"DEBUG=1",
					"$(inherited)",
				);
				GCC_SYMBOLS_PRIVATE_EXTERN = NO;
				GCC_VERSION = com.apple.compilers.llvm.clang.1_0;
				GCC_WARN_ABOUT_RETURN_TYPE = YES;
				GCC_WARN_UNINITIALIZED_AUTOS = YES;
				GCC_WARN_UNUSED_VARIABLE = YES;
				IPHONEOS_DEPLOYMENT_TARGET = 5.1;
				RUN_CLANG_STATIC_ANALYZER = YES;
				SDKROOT = iphoneos;
			};
			name = Debug;
		};
		DA61AF55158DE60A009987A4 /* Release */ = {
			isa = XCBuildConfiguration;
			buildSettings = {
				ALWAYS_SEARCH_USER_PATHS = NO;
				ARCHS = "$(ARCHS_STANDARD_32_BIT)";
				CLANG_ENABLE_OBJC_ARC = YES;
				COPY_PHASE_STRIP = YES;
				GCC_C_LANGUAGE_STANDARD = gnu99;
				GCC_VERSION = com.apple.compilers.llvm.clang.1_0;
				GCC_WARN_ABOUT_RETURN_TYPE = YES;
				GCC_WARN_UNINITIALIZED_AUTOS = YES;
				GCC_WARN_UNUSED_VARIABLE = YES;
				IPHONEOS_DEPLOYMENT_TARGET = 5.1;
				RUN_CLANG_STATIC_ANALYZER = YES;
				SDKROOT = iphoneos;
				VALIDATE_PRODUCT = YES;
			};
			name = Release;
		};
		DA61AF57158DE60A009987A4 /* Debug */ = {
			isa = XCBuildConfiguration;
			buildSettings = {
				CLANG_ENABLE_OBJC_ARC = YES;
				DSTROOT = /tmp/http_driver.dst;
				GCC_PRECOMPILE_PREFIX_HEADER = NO;
				GCC_PREFIX_HEADER = "http-driver/http-driver-Prefix.pch";
				OTHER_LDFLAGS = "-ObjC";
				PRODUCT_NAME = "$(TARGET_NAME)";
				SKIP_INSTALL = YES;
			};
			name = Debug;
		};
		DA61AF58158DE60A009987A4 /* Release */ = {
			isa = XCBuildConfiguration;
			buildSettings = {
				CLANG_ENABLE_OBJC_ARC = YES;
				DSTROOT = /tmp/http_driver.dst;
				GCC_PRECOMPILE_PREFIX_HEADER = NO;
				GCC_PREFIX_HEADER = "http-driver/http-driver-Prefix.pch";
				OTHER_LDFLAGS = "-ObjC";
				PRODUCT_NAME = "$(TARGET_NAME)";
				SKIP_INSTALL = YES;
			};
			name = Release;
		};
		DA61AF5A158DE60A009987A4 /* Debug */ = {
			isa = XCBuildConfiguration;
			buildSettings = {
				FRAMEWORK_SEARCH_PATHS = (
					"$(SDKROOT)/Developer/Library/Frameworks",
					"$(DEVELOPER_LIBRARY_DIR)/Frameworks",
				);
				GCC_PRECOMPILE_PREFIX_HEADER = YES;
				GCC_PREFIX_HEADER = "http-driver/http-driver-Prefix.pch";
				INFOPLIST_FILE = "http-driverTests/http-driverTests-Info.plist";
				PRODUCT_NAME = "$(TARGET_NAME)";
				WRAPPER_EXTENSION = octest;
			};
			name = Debug;
		};
		DA61AF5B158DE60A009987A4 /* Release */ = {
			isa = XCBuildConfiguration;
			buildSettings = {
				FRAMEWORK_SEARCH_PATHS = (
					"$(SDKROOT)/Developer/Library/Frameworks",
					"$(DEVELOPER_LIBRARY_DIR)/Frameworks",
				);
				GCC_PRECOMPILE_PREFIX_HEADER = YES;
				GCC_PREFIX_HEADER = "http-driver/http-driver-Prefix.pch";
				INFOPLIST_FILE = "http-driverTests/http-driverTests-Info.plist";
				PRODUCT_NAME = "$(TARGET_NAME)";
				WRAPPER_EXTENSION = octest;
			};
			name = Release;
		};
/* End XCBuildConfiguration section */

/* Begin XCConfigurationList section */
		DA61AF2C158DE60A009987A4 /* Build configuration list for PBXProject "http-driver" */ = {
			isa = XCConfigurationList;
			buildConfigurations = (
				DA61AF54158DE60A009987A4 /* Debug */,
				DA61AF55158DE60A009987A4 /* Release */,
			);
			defaultConfigurationIsVisible = 0;
			defaultConfigurationName = Release;
		};
		DA61AF56158DE60A009987A4 /* Build configuration list for PBXNativeTarget "http-driver" */ = {
			isa = XCConfigurationList;
			buildConfigurations = (
				DA61AF57158DE60A009987A4 /* Debug */,
				DA61AF58158DE60A009987A4 /* Release */,
			);
			defaultConfigurationIsVisible = 0;
			defaultConfigurationName = Release;
		};
		DA61AF59158DE60A009987A4 /* Build configuration list for PBXNativeTarget "http-driverTests" */ = {
			isa = XCConfigurationList;
			buildConfigurations = (
				DA61AF5A158DE60A009987A4 /* Debug */,
				DA61AF5B158DE60A009987A4 /* Release */,
			);
			defaultConfigurationIsVisible = 0;
			defaultConfigurationName = Release;
		};
/* End XCConfigurationList section */
	};
	rootObject = DA61AF29158DE60A009987A4 /* Project object */;
}
