// !$*UTF8*$!
{
	archiveVersion = 1;
	classes = {
	};
	objectVersion = 46;
	objects = {

/* Begin PBXBuildFile section */
		DA61AF36158DE60A009987A4 /* Foundation.framework in Frameworks */ = {isa = PBXBuildFile; fileRef = DA61AF35158DE60A009987A4 /* Foundation.framework */; };
		DA61AF3C158DE60A009987A4 /* http_driver.m in Sources */ = {isa = PBXBuildFile; fileRef = DA61AF3B158DE60A009987A4 /* http_driver.m */; };
		DA61AF44158DE60A009987A4 /* SenTestingKit.framework in Frameworks */ = {isa = PBXBuildFile; fileRef = DA61AF43158DE60A009987A4 /* SenTestingKit.framework */; };
		DA61AF46158DE60A009987A4 /* UIKit.framework in Frameworks */ = {isa = PBXBuildFile; fileRef = DA61AF45158DE60A009987A4 /* UIKit.framework */; };
		DA61AF47158DE60A009987A4 /* Foundation.framework in Frameworks */ = {isa = PBXBuildFile; fileRef = DA61AF35158DE60A009987A4 /* Foundation.framework */; };
		DA61AF4A158DE60A009987A4 /* libhttp-driver.a in Frameworks */ = {isa = PBXBuildFile; fileRef = DA61AF32158DE60A009987A4 /* libhttp-driver.a */; };
		DA61AF50158DE60A009987A4 /* InfoPlist.strings in Resources */ = {isa = PBXBuildFile; fileRef = DA61AF4E158DE60A009987A4 /* InfoPlist.strings */; };
		DA61AF53158DE60A009987A4 /* http_driverTests.m in Sources */ = {isa = PBXBuildFile; fileRef = DA61AF52158DE60A009987A4 /* http_driverTests.m */; };
		DA61AF5E158DE638009987A4 /* SimpleCocoaServer.h in Headers */ = {isa = PBXBuildFile; fileRef = DA61AF5C158DE638009987A4 /* SimpleCocoaServer.h */; };
		DA61AF5F158DE638009987A4 /* SimpleCocoaServer.m in Sources */ = {isa = PBXBuildFile; fileRef = DA61AF5D158DE638009987A4 /* SimpleCocoaServer.m */; };
/* End PBXBuildFile section */

/* Begin PBXContainerItemProxy section */
		DA61AF48158DE60A009987A4 /* PBXContainerItemProxy */ = {
			isa = PBXContainerItemProxy;
			containerPortal = DA61AF29158DE60A009987A4 /* Project object */;
			proxyType = 1;
			remoteGlobalIDString = DA61AF31158DE60A009987A4;
			remoteInfo = "http-driver";
		};
/* End PBXContainerItemProxy section */

/* Begin PBXFileReference section */
		DA61AF32158DE60A009987A4 /* libhttp-driver.a */ = {isa = PBXFileReference; explicitFileType = archive.ar; includeInIndex = 0; path = "libhttp-driver.a"; sourceTree = BUILT_PRODUCTS_DIR; };
		DA61AF35158DE60A009987A4 /* Foundation.framework */ = {isa = PBXFileReference; lastKnownFileType = wrapper.framework; name = Foundation.framework; path = System/Library/Frameworks/Foundation.framework; sourceTree = SDKROOT; };
		DA61AF39158DE60A009987A4 /* http-driver-Prefix.pch */ = {isa = PBXFileReference; lastKnownFileType = sourcecode.c.h; path = "http-driver-Prefix.pch"; sourceTree = "<group>"; };
		DA61AF3A158DE60A009987A4 /* http_driver.h */ = {isa = PBXFileReference; lastKnownFileType = sourcecode.c.h; path = http_driver.h; sourceTree = "<group>"; };
		DA61AF3B158DE60A009987A4 /* http_driver.m */ = {isa = PBXFileReference; lastKnownFileType = sourcecode.c.objc; path = http_driver.m; sourceTree = "<group>"; };
		DA61AF42158DE60A009987A4 /* http-driverTests.octest */ = {isa = PBXFileReference; explicitFileType = wrapper.cfbundle; includeInIndex = 0; path = "http-driverTests.octest"; sourceTree = BUILT_PRODUCTS_DIR; };
		DA61AF43158DE60A009987A4 /* SenTestingKit.framework */ = {isa = PBXFileReference; lastKnownFileType = wrapper.framework; name = SenTestingKit.framework; path = Library/Frameworks/SenTestingKit.framework; sourceTree = DEVELOPER_DIR; };
		DA61AF45158DE60A009987A4 /* UIKit.framework */ = {isa = PBXFileReference; lastKnownFileType = wrapper.framework; name = UIKit.framework; path = Library/Frameworks/UIKit.framework; sourceTree = DEVELOPER_DIR; };
		DA61AF4D158DE60A009987A4 /* http-driverTests-Info.plist */ = {isa = PBXFileReference; lastKnownFileType = text.plist.xml; path = "http-driverTests-Info.plist"; sourceTree = "<group>"; };
		DA61AF4F158DE60A009987A4 /* en */ = {isa = PBXFileReference; lastKnownFileType = text.plist.strings; name = en; path = en.lproj/InfoPlist.strings; sourceTree = "<group>"; };
		DA61AF51158DE60A009987A4 /* http_driverTests.h */ = {isa = PBXFileReference; lastKnownFileType = sourcecode.c.h; path = http_driverTests.h; sourceTree = "<group>"; };
		DA61AF52158DE60A009987A4 /* http_driverTests.m */ = {isa = PBXFileReference; lastKnownFileType = sourcecode.c.objc; path = http_driverTests.m; sourceTree = "<group>"; };
		DA61AF5C158DE638009987A4 /* SimpleCocoaServer.h */ = {isa = PBXFileReference; fileEncoding = 4; lastKnownFileType = sourcecode.c.h; path = SimpleCocoaServer.h; sourceTree = "<group>"; };
		DA61AF5D158DE638009987A4 /* SimpleCocoaServer.m */ = {isa = PBXFileReference; fileEncoding = 4; lastKnownFileType = sourcecode.c.objc; path = SimpleCocoaServer.m; sourceTree = "<group>"; };
/* End PBXFileReference section */

/* Begin PBXFrameworksBuildPhase section */
		DA61AF2F158DE60A009987A4 /* Frameworks */ = {
			isa = PBXFrameworksBuildPhase;
			buildActionMask = 2147483647;
			files = (
				DA61AF36158DE60A009987A4 /* Foundation.framework in Frameworks */,
			);
			runOnlyForDeploymentPostprocessing = 0;
		};
		DA61AF3E158DE60A009987A4 /* Frameworks */ = {
			isa = PBXFrameworksBuildPhase;
			buildActionMask = 2147483647;
			files = (
				DA61AF44158DE60A009987A4 /* SenTestingKit.framework in Frameworks */,
				DA61AF46158DE60A009987A4 /* UIKit.framework in Frameworks */,
				DA61AF47158DE60A009987A4 /* Foundation.framework in Frameworks */,
				DA61AF4A158DE60A009987A4 /* libhttp-driver.a in Frameworks */,
			);
			runOnlyForDeploymentPostprocessing = 0;
		};
/* End PBXFrameworksBuildPhase section */

/* Begin PBXGroup section */
		DA61AF27158DE60A009987A4 = {
			isa = PBXGroup;
			children = (
				DA61AF37158DE60A009987A4 /* http-driver */,
				DA61AF4B158DE60A009987A4 /* http-driverTests */,
				DA61AF34158DE60A009987A4 /* Frameworks */,
				DA61AF33158DE60A009987A4 /* Products */,
			);
			sourceTree = "<group>";
		};
		DA61AF33158DE60A009987A4 /* Products */ = {
			isa = PBXGroup;
			children = (
				DA61AF32158DE60A009987A4 /* libhttp-driver.a */,
				DA61AF42158DE60A009987A4 /* http-driverTests.octest */,
			);
			name = Products;
			sourceTree = "<group>";
		};
		DA61AF34158DE60A009987A4 /* Frameworks */ = {
			isa = PBXGroup;
			children = (
				DA61AF35158DE60A009987A4 /* Foundation.framework */,
				DA61AF43158DE60A009987A4 /* SenTestingKit.framework */,
				DA61AF45158DE60A009987A4 /* UIKit.framework */,
			);
			name = Frameworks;
			sourceTree = "<group>";
		};
		DA61AF37158DE60A009987A4 /* http-driver */ = {
			isa = PBXGroup;
			children = (
				DA61AF5C158DE638009987A4 /* SimpleCocoaServer.h */,
				DA61AF5D158DE638009987A4 /* SimpleCocoaServer.m */,
				DA61AF3A158DE60A009987A4 /* http_driver.h */,
				DA61AF3B158DE60A009987A4 /* http_driver.m */,
				DA61AF38158DE60A009987A4 /* Supporting Files */,
			);
			path = "http-driver";
			sourceTree = "<group>";
		};
		DA61AF38158DE60A009987A4 /* Supporting Files */ = {
			isa = PBXGroup;
			children = (
				DA61AF39158DE60A009987A4 /* http-driver-Prefix.pch */,
			);
			name = "Supporting Files";
			sourceTree = "<group>";
		};
		DA61AF4B158DE60A009987A4 /* http-driverTests */ = {
			isa = PBXGroup;
			children = (
				DA61AF51158DE60A009987A4 /* http_driverTests.h */,
				DA61AF52158DE60A009987A4 /* http_driverTests.m */,
				DA61AF4C158DE60A009987A4 /* Supporting Files */,
			);
			path = "http-driverTests";
			sourceTree = "<group>";
		};
		DA61AF4C158DE60A009987A4 /* Supporting Files */ = {
			isa = PBXGroup;
			children = (
				DA61AF4D158DE60A009987A4 /* http-driverTests-Info.plist */,
				DA61AF4E158DE60A009987A4 /* InfoPlist.strings */,
			);
			name = "Supporting Files";
			sourceTree = "<group>";
		};
/* End PBXGroup section */

/* Begin PBXHeadersBuildPhase section */
		DA61AF30158DE60A009987A4 /* Headers */ = {
			isa = PBXHeadersBuildPhase;
			buildActionMask = 2147483647;
			files = (
				DA61AF5E158DE638009987A4 /* SimpleCocoaServer.h in Headers */,
			);
			runOnlyForDeploymentPostprocessing = 0;
		};
/* End PBXHeadersBuildPhase section */

/* Begin PBXNativeTarget section */
		DA61AF31158DE60A009987A4 /* http-driver */ = {
			isa = PBXNativeTarget;
			buildConfigurationList = DA61AF56158DE60A009987A4 /* Build configuration list for PBXNativeTarget "http-driver" */;
			buildPhases = (
				DA61AF2E158DE60A009987A4 /* Sources */,
				DA61AF2F158DE60A009987A4 /* Frameworks */,
				DA61AF30158DE60A009987A4 /* Headers */,
			);
			buildRules = (
			);
			dependencies = (
			);
			name = "http-driver";
			productName = "http-driver";
			productReference = DA61AF32158DE60A009987A4 /* libhttp-driver.a */;
			productType = "com.apple.product-type.library.static";
		};
		DA61AF41158DE60A009987A4 /* http-driverTests */ = {
			isa = PBXNativeTarget;
			buildConfigurationList = DA61AF59158DE60A009987A4 /* Build configuration list for PBXNativeTarget "http-driverTests" */;
			buildPhases = (
				DA61AF3D158DE60A009987A4 /* Sources */,
				DA61AF3E158DE60A009987A4 /* Frameworks */,
				DA61AF3F158DE60A009987A4 /* Resources */,
				DA61AF40158DE60A009987A4 /* ShellScript */,
			);
			buildRules = (
			);
			dependencies = (
				DA61AF49158DE60A009987A4 /* PBXTargetDependency */,
			);
			name = "http-driverTests";
			productName = "http-driverTests";
			productReference = DA61AF42158DE60A009987A4 /* http-driverTests.octest */;
			productType = "com.apple.product-type.bundle";
		};
/* End PBXNativeTarget section */

/* Begin PBXProject section */
		DA61AF29158DE60A009987A4 /* Project object */ = {
			isa = PBXProject;
			attributes = {
				LastUpgradeCheck = 0430;
			};
			buildConfigurationList = DA61AF2C158DE60A009987A4 /* Build configuration list for PBXProject "http-driver" */;
			compatibilityVersion = "Xcode 3.2";
			developmentRegion = English;
			hasScannedForEncodings = 0;
			knownRegions = (
				en,
			);
			mainGroup = DA61AF27158DE60A009987A4;
			productRefGroup = DA61AF33158DE60A009987A4 /* Products */;
			projectDirPath = "";
			projectRoot = "";
			targets = (
				DA61AF31158DE60A009987A4 /* http-driver */,
				DA61AF41158DE60A009987A4 /* http-driverTests */,
			);
		};
/* End PBXProject section */

/* Begin PBXResourcesBuildPhase section */
		DA61AF3F158DE60A009987A4 /* Resources */ = {
			isa = PBXResourcesBuildPhase;
			buildActionMask = 2147483647;
			files = (
				DA61AF50158DE60A009987A4 /* InfoPlist.strings in Resources */,
			);
			runOnlyForDeploymentPostprocessing = 0;
		};
/* End PBXResourcesBuildPhase section */

/* Begin PBXShellScriptBuildPhase section */
		DA61AF40158DE60A009987A4 /* ShellScript */ = {
			isa = PBXShellScriptBuildPhase;
			buildActionMask = 2147483647;
			files = (
			);
			inputPaths = (
			);
			outputPaths = (
			);
			runOnlyForDeploymentPostprocessing = 0;
			shellPath = /bin/sh;
			shellScript = "# Run the unit tests in this test bundle.\n\"${SYSTEM_DEVELOPER_DIR}/Tools/RunUnitTests\"\n";
		};
/* End PBXShellScriptBuildPhase section */

/* Begin PBXSourcesBuildPhase section */
		DA61AF2E158DE60A009987A4 /* Sources */ = {
			isa = PBXSourcesBuildPhase;
			buildActionMask = 2147483647;
			files = (
				DA61AF3C158DE60A009987A4 /* http_driver.m in Sources */,
				DA61AF5F158DE638009987A4 /* SimpleCocoaServer.m in Sources */,
			);
			runOnlyForDeploymentPostprocessing = 0;
		};
		DA61AF3D158DE60A009987A4 /* Sources */ = {
			isa = PBXSourcesBuildPhase;
			buildActionMask = 2147483647;
			files = (
				DA61AF53158DE60A009987A4 /* http_driverTests.m in Sources */,
			);
			runOnlyForDeploymentPostprocessing = 0;
		};
/* End PBXSourcesBuildPhase section */

/* Begin PBXTargetDependency section */
		DA61AF49158DE60A009987A4 /* PBXTargetDependency */ = {
			isa = PBXTargetDependency;
			target = DA61AF31158DE60A009987A4 /* http-driver */;
			targetProxy = DA61AF48158DE60A009987A4 /* PBXContainerItemProxy */;
		};
/* End PBXTargetDependency section */

/* Begin PBXVariantGroup section */
		DA61AF4E158DE60A009987A4 /* InfoPlist.strings */ = {
			isa = PBXVariantGroup;
			children = (
				DA61AF4F158DE60A009987A4 /* en */,
			);
			name = InfoPlist.strings;
			sourceTree = "<group>";
		};
/* End PBXVariantGroup section */

/* Begin XCBuildConfiguration section */
		DA61AF54158DE60A009987A4 /* Debug */ = {
			isa = XCBuildConfiguration;
			buildSettings = {
				ALWAYS_SEARCH_USER_PATHS = NO;
				ARCHS = "$(ARCHS_STANDARD_32_BIT)";
				CLANG_ENABLE_OBJC_ARC = YES;
				COPY_PHASE_STRIP = NO;
				GCC_C_LANGUAGE_STANDARD = gnu99;
				GCC_DYNAMIC_NO_PIC = NO;
				GCC_OPTIMIZATION_LEVEL = 0;
				GCC_PREPROCESSOR_DEFINITIONS = (
					"DEBUG=1",
					"$(inherited)",
				);
				GCC_SYMBOLS_PRIVATE_EXTERN = NO;
				GCC_VERSION = com.apple.compilers.llvm.clang.1_0;
				GCC_WARN_ABOUT_RETURN_TYPE = YES;
				GCC_WARN_UNINITIALIZED_AUTOS = YES;
				GCC_WARN_UNUSED_VARIABLE = YES;
				IPHONEOS_DEPLOYMENT_TARGET = 5.1;
				SDKROOT = iphoneos;
			};
			name = Debug;
		};
		DA61AF55158DE60A009987A4 /* Release */ = {
			isa = XCBuildConfiguration;
			buildSettings = {
				ALWAYS_SEARCH_USER_PATHS = NO;
				ARCHS = "$(ARCHS_STANDARD_32_BIT)";
				CLANG_ENABLE_OBJC_ARC = YES;
				COPY_PHASE_STRIP = YES;
				GCC_C_LANGUAGE_STANDARD = gnu99;
				GCC_VERSION = com.apple.compilers.llvm.clang.1_0;
				GCC_WARN_ABOUT_RETURN_TYPE = YES;
				GCC_WARN_UNINITIALIZED_AUTOS = YES;
				GCC_WARN_UNUSED_VARIABLE = YES;
				IPHONEOS_DEPLOYMENT_TARGET = 5.1;
				SDKROOT = iphoneos;
				VALIDATE_PRODUCT = YES;
			};
			name = Release;
		};
		DA61AF57158DE60A009987A4 /* Debug */ = {
			isa = XCBuildConfiguration;
			buildSettings = {
				CLANG_ENABLE_OBJC_ARC = NO;
				DSTROOT = /tmp/http_driver.dst;
				GCC_PRECOMPILE_PREFIX_HEADER = NO;
				GCC_PREFIX_HEADER = "http-driver/http-driver-Prefix.pch";
				OTHER_LDFLAGS = "-ObjC";
				PRODUCT_NAME = "$(TARGET_NAME)";
				SKIP_INSTALL = YES;
			};
			name = Debug;
		};
		DA61AF58158DE60A009987A4 /* Release */ = {
			isa = XCBuildConfiguration;
			buildSettings = {
				CLANG_ENABLE_OBJC_ARC = NO;
				DSTROOT = /tmp/http_driver.dst;
				GCC_PRECOMPILE_PREFIX_HEADER = NO;
				GCC_PREFIX_HEADER = "http-driver/http-driver-Prefix.pch";
				OTHER_LDFLAGS = "-ObjC";
				PRODUCT_NAME = "$(TARGET_NAME)";
				SKIP_INSTALL = YES;
			};
			name = Release;
		};
		DA61AF5A158DE60A009987A4 /* Debug */ = {
			isa = XCBuildConfiguration;
			buildSettings = {
				FRAMEWORK_SEARCH_PATHS = (
					"$(SDKROOT)/Developer/Library/Frameworks",
					"$(DEVELOPER_LIBRARY_DIR)/Frameworks",
				);
				GCC_PRECOMPILE_PREFIX_HEADER = YES;
				GCC_PREFIX_HEADER = "http-driver/http-driver-Prefix.pch";
				INFOPLIST_FILE = "http-driverTests/http-driverTests-Info.plist";
				PRODUCT_NAME = "$(TARGET_NAME)";
				WRAPPER_EXTENSION = octest;
			};
			name = Debug;
		};
		DA61AF5B158DE60A009987A4 /* Release */ = {
			isa = XCBuildConfiguration;
			buildSettings = {
				FRAMEWORK_SEARCH_PATHS = (
					"$(SDKROOT)/Developer/Library/Frameworks",
					"$(DEVELOPER_LIBRARY_DIR)/Frameworks",
				);
				GCC_PRECOMPILE_PREFIX_HEADER = YES;
				GCC_PREFIX_HEADER = "http-driver/http-driver-Prefix.pch";
				INFOPLIST_FILE = "http-driverTests/http-driverTests-Info.plist";
				PRODUCT_NAME = "$(TARGET_NAME)";
				WRAPPER_EXTENSION = octest;
			};
			name = Release;
		};
/* End XCBuildConfiguration section */

/* Begin XCConfigurationList section */
		DA61AF2C158DE60A009987A4 /* Build configuration list for PBXProject "http-driver" */ = {
			isa = XCConfigurationList;
			buildConfigurations = (
				DA61AF54158DE60A009987A4 /* Debug */,
				DA61AF55158DE60A009987A4 /* Release */,
			);
			defaultConfigurationIsVisible = 0;
			defaultConfigurationName = Release;
		};
		DA61AF56158DE60A009987A4 /* Build configuration list for PBXNativeTarget "http-driver" */ = {
			isa = XCConfigurationList;
			buildConfigurations = (
				DA61AF57158DE60A009987A4 /* Debug */,
				DA61AF58158DE60A009987A4 /* Release */,
			);
			defaultConfigurationIsVisible = 0;
		};
		DA61AF59158DE60A009987A4 /* Build configuration list for PBXNativeTarget "http-driverTests" */ = {
			isa = XCConfigurationList;
			buildConfigurations = (
				DA61AF5A158DE60A009987A4 /* Debug */,
				DA61AF5B158DE60A009987A4 /* Release */,
			);
			defaultConfigurationIsVisible = 0;
		};
/* End XCConfigurationList section */
	};
	rootObject = DA61AF29158DE60A009987A4 /* Project object */;
}
